// !$*UTF8*$!
{
	archiveVersion = 1;
	classes = {
	};
	objectVersion = 56;
	objects = {

/* Begin PBXBuildFile section */
		836E6F702940976200893DC4 /* iPApp.swift in Sources */ = {isa = PBXBuildFile; fileRef = 836E6F6F2940976200893DC4 /* iPApp.swift */; };
		836E6F722940976200893DC4 /* IPView.swift in Sources */ = {isa = PBXBuildFile; fileRef = 836E6F712940976200893DC4 /* IPView.swift */; };
		836E6F742940976400893DC4 /* Assets.xcassets in Resources */ = {isa = PBXBuildFile; fileRef = 836E6F732940976400893DC4 /* Assets.xcassets */; };
		836E6F782940976400893DC4 /* Preview Assets.xcassets in Resources */ = {isa = PBXBuildFile; fileRef = 836E6F772940976400893DC4 /* Preview Assets.xcassets */; };
		836E6F822940987200893DC4 /* ManageAPIs.swift in Sources */ = {isa = PBXBuildFile; fileRef = 836E6F812940987200893DC4 /* ManageAPIs.swift */; };
		836E6F84294098AB00893DC4 /* IPViewModel.swift in Sources */ = {isa = PBXBuildFile; fileRef = 836E6F83294098AB00893DC4 /* IPViewModel.swift */; };
		83EB864829431E9600BFCD5F /* NetworkView.swift in Sources */ = {isa = PBXBuildFile; fileRef = 83EB864729431E9600BFCD5F /* NetworkView.swift */; };
		83EB864B29431F3300BFCD5F /* NetworkMonitor.swift in Sources */ = {isa = PBXBuildFile; fileRef = 83EB864A29431F3300BFCD5F /* NetworkMonitor.swift */; };
		83EB864D29431F7E00BFCD5F /* OnboardingView.swift in Sources */ = {isa = PBXBuildFile; fileRef = 83EB864C29431F7E00BFCD5F /* OnboardingView.swift */; };
		83EB864F29431FC900BFCD5F /* PageView.swift in Sources */ = {isa = PBXBuildFile; fileRef = 83EB864E29431FC900BFCD5F /* PageView.swift */; };
/* End PBXBuildFile section */

/* Begin PBXFileReference section */
		836E6F6C2940976200893DC4 /* iP.app */ = {isa = PBXFileReference; explicitFileType = wrapper.application; includeInIndex = 0; path = iP.app; sourceTree = BUILT_PRODUCTS_DIR; };
		836E6F6F2940976200893DC4 /* iPApp.swift */ = {isa = PBXFileReference; lastKnownFileType = sourcecode.swift; path = iPApp.swift; sourceTree = "<group>"; };
		836E6F712940976200893DC4 /* IPView.swift */ = {isa = PBXFileReference; lastKnownFileType = sourcecode.swift; path = IPView.swift; sourceTree = "<group>"; };
		836E6F732940976400893DC4 /* Assets.xcassets */ = {isa = PBXFileReference; lastKnownFileType = folder.assetcatalog; path = Assets.xcassets; sourceTree = "<group>"; };
		836E6F752940976400893DC4 /* iP.entitlements */ = {isa = PBXFileReference; lastKnownFileType = text.plist.entitlements; path = iP.entitlements; sourceTree = "<group>"; };
		836E6F772940976400893DC4 /* Preview Assets.xcassets */ = {isa = PBXFileReference; lastKnownFileType = folder.assetcatalog; path = "Preview Assets.xcassets"; sourceTree = "<group>"; };
		836E6F812940987200893DC4 /* ManageAPIs.swift */ = {isa = PBXFileReference; lastKnownFileType = sourcecode.swift; path = ManageAPIs.swift; sourceTree = "<group>"; };
		836E6F83294098AB00893DC4 /* IPViewModel.swift */ = {isa = PBXFileReference; lastKnownFileType = sourcecode.swift; path = IPViewModel.swift; sourceTree = "<group>"; };
		83EB864729431E9600BFCD5F /* NetworkView.swift */ = {isa = PBXFileReference; lastKnownFileType = sourcecode.swift; path = NetworkView.swift; sourceTree = "<group>"; };
		83EB864A29431F3300BFCD5F /* NetworkMonitor.swift */ = {isa = PBXFileReference; lastKnownFileType = sourcecode.swift; path = NetworkMonitor.swift; sourceTree = "<group>"; };
		83EB864C29431F7E00BFCD5F /* OnboardingView.swift */ = {isa = PBXFileReference; lastKnownFileType = sourcecode.swift; path = OnboardingView.swift; sourceTree = "<group>"; };
		83EB864E29431FC900BFCD5F /* PageView.swift */ = {isa = PBXFileReference; lastKnownFileType = sourcecode.swift; path = PageView.swift; sourceTree = "<group>"; };
/* End PBXFileReference section */

/* Begin PBXFrameworksBuildPhase section */
		836E6F692940976200893DC4 /* Frameworks */ = {
			isa = PBXFrameworksBuildPhase;
			buildActionMask = 2147483647;
			files = (
			);
			runOnlyForDeploymentPostprocessing = 0;
		};
/* End PBXFrameworksBuildPhase section */

/* Begin PBXGroup section */
		836E6F632940976200893DC4 = {
			isa = PBXGroup;
			children = (
				836E6F6E2940976200893DC4 /* iP */,
				836E6F6D2940976200893DC4 /* Products */,
			);
			sourceTree = "<group>";
		};
		836E6F6D2940976200893DC4 /* Products */ = {
			isa = PBXGroup;
			children = (
				836E6F6C2940976200893DC4 /* iP.app */,
			);
			name = Products;
			sourceTree = "<group>";
		};
		836E6F6E2940976200893DC4 /* iP */ = {
			isa = PBXGroup;
			children = (
				836E6F6F2940976200893DC4 /* iPApp.swift */,
				836E6F7E294097F900893DC4 /* IPViews */,
				83EB864929431ED800BFCD5F /* OnboardingViews */,
				83EB864629431E7B00BFCD5F /* NetworkViews */,
				836E6F802940986100893DC4 /* APIs */,
				836E6F732940976400893DC4 /* Assets.xcassets */,
				836E6F752940976400893DC4 /* iP.entitlements */,
				836E6F762940976400893DC4 /* Preview Content */,
			);
			path = iP;
			sourceTree = "<group>";
		};
		836E6F762940976400893DC4 /* Preview Content */ = {
			isa = PBXGroup;
			children = (
				836E6F772940976400893DC4 /* Preview Assets.xcassets */,
			);
			path = "Preview Content";
			sourceTree = "<group>";
		};
		836E6F7E294097F900893DC4 /* IPViews */ = {
			isa = PBXGroup;
			children = (
				836E6F712940976200893DC4 /* IPView.swift */,
				836E6F83294098AB00893DC4 /* IPViewModel.swift */,
			);
			path = IPViews;
			sourceTree = "<group>";
		};
		836E6F802940986100893DC4 /* APIs */ = {
			isa = PBXGroup;
			children = (
				836E6F812940987200893DC4 /* ManageAPIs.swift */,
			);
			path = APIs;
			sourceTree = "<group>";
		};
		83EB864629431E7B00BFCD5F /* NetworkViews */ = {
			isa = PBXGroup;
			children = (
				83EB864729431E9600BFCD5F /* NetworkView.swift */,
				83EB864A29431F3300BFCD5F /* NetworkMonitor.swift */,
			);
			path = NetworkViews;
			sourceTree = "<group>";
		};
		83EB864929431ED800BFCD5F /* OnboardingViews */ = {
			isa = PBXGroup;
			children = (
				83EB864C29431F7E00BFCD5F /* OnboardingView.swift */,
				83EB864E29431FC900BFCD5F /* PageView.swift */,
			);
			path = OnboardingViews;
			sourceTree = "<group>";
		};
/* End PBXGroup section */

/* Begin PBXNativeTarget section */
		836E6F6B2940976200893DC4 /* iP */ = {
			isa = PBXNativeTarget;
			buildConfigurationList = 836E6F7B2940976400893DC4 /* Build configuration list for PBXNativeTarget "iP" */;
			buildPhases = (
				836E6F682940976200893DC4 /* Sources */,
				836E6F692940976200893DC4 /* Frameworks */,
				836E6F6A2940976200893DC4 /* Resources */,
			);
			buildRules = (
			);
			dependencies = (
			);
			name = iP;
			productName = iP;
			productReference = 836E6F6C2940976200893DC4 /* iP.app */;
			productType = "com.apple.product-type.application";
		};
/* End PBXNativeTarget section */

/* Begin PBXProject section */
		836E6F642940976200893DC4 /* Project object */ = {
			isa = PBXProject;
			attributes = {
				BuildIndependentTargetsInParallel = 1;
				LastSwiftUpdateCheck = 1410;
				LastUpgradeCheck = 1410;
				TargetAttributes = {
					836E6F6B2940976200893DC4 = {
						CreatedOnToolsVersion = 14.1;
					};
				};
			};
			buildConfigurationList = 836E6F672940976200893DC4 /* Build configuration list for PBXProject "iP" */;
			compatibilityVersion = "Xcode 14.0";
			developmentRegion = en;
			hasScannedForEncodings = 0;
			knownRegions = (
				en,
				Base,
			);
			mainGroup = 836E6F632940976200893DC4;
			productRefGroup = 836E6F6D2940976200893DC4 /* Products */;
			projectDirPath = "";
			projectRoot = "";
			targets = (
				836E6F6B2940976200893DC4 /* iP */,
			);
		};
/* End PBXProject section */

/* Begin PBXResourcesBuildPhase section */
		836E6F6A2940976200893DC4 /* Resources */ = {
			isa = PBXResourcesBuildPhase;
			buildActionMask = 2147483647;
			files = (
				836E6F782940976400893DC4 /* Preview Assets.xcassets in Resources */,
				836E6F742940976400893DC4 /* Assets.xcassets in Resources */,
			);
			runOnlyForDeploymentPostprocessing = 0;
		};
/* End PBXResourcesBuildPhase section */

/* Begin PBXSourcesBuildPhase section */
		836E6F682940976200893DC4 /* Sources */ = {
			isa = PBXSourcesBuildPhase;
			buildActionMask = 2147483647;
			files = (
				836E6F722940976200893DC4 /* IPView.swift in Sources */,
				83EB864F29431FC900BFCD5F /* PageView.swift in Sources */,
				83EB864B29431F3300BFCD5F /* NetworkMonitor.swift in Sources */,
				836E6F84294098AB00893DC4 /* IPViewModel.swift in Sources */,
				836E6F822940987200893DC4 /* ManageAPIs.swift in Sources */,
				83EB864829431E9600BFCD5F /* NetworkView.swift in Sources */,
				836E6F702940976200893DC4 /* iPApp.swift in Sources */,
				83EB864D29431F7E00BFCD5F /* OnboardingView.swift in Sources */,
			);
			runOnlyForDeploymentPostprocessing = 0;
		};
/* End PBXSourcesBuildPhase section */

/* Begin XCBuildConfiguration section */
		836E6F792940976400893DC4 /* Debug */ = {
			isa = XCBuildConfiguration;
			buildSettings = {
				ALWAYS_SEARCH_USER_PATHS = NO;
				CLANG_ANALYZER_NONNULL = YES;
				CLANG_ANALYZER_NUMBER_OBJECT_CONVERSION = YES_AGGRESSIVE;
				CLANG_CXX_LANGUAGE_STANDARD = "gnu++20";
				CLANG_ENABLE_MODULES = YES;
				CLANG_ENABLE_OBJC_ARC = YES;
				CLANG_ENABLE_OBJC_WEAK = YES;
				CLANG_WARN_BLOCK_CAPTURE_AUTORELEASING = YES;
				CLANG_WARN_BOOL_CONVERSION = YES;
				CLANG_WARN_COMMA = YES;
				CLANG_WARN_CONSTANT_CONVERSION = YES;
				CLANG_WARN_DEPRECATED_OBJC_IMPLEMENTATIONS = YES;
				CLANG_WARN_DIRECT_OBJC_ISA_USAGE = YES_ERROR;
				CLANG_WARN_DOCUMENTATION_COMMENTS = YES;
				CLANG_WARN_EMPTY_BODY = YES;
				CLANG_WARN_ENUM_CONVERSION = YES;
				CLANG_WARN_INFINITE_RECURSION = YES;
				CLANG_WARN_INT_CONVERSION = YES;
				CLANG_WARN_NON_LITERAL_NULL_CONVERSION = YES;
				CLANG_WARN_OBJC_IMPLICIT_RETAIN_SELF = YES;
				CLANG_WARN_OBJC_LITERAL_CONVERSION = YES;
				CLANG_WARN_OBJC_ROOT_CLASS = YES_ERROR;
				CLANG_WARN_QUOTED_INCLUDE_IN_FRAMEWORK_HEADER = YES;
				CLANG_WARN_RANGE_LOOP_ANALYSIS = YES;
				CLANG_WARN_STRICT_PROTOTYPES = YES;
				CLANG_WARN_SUSPICIOUS_MOVE = YES;
				CLANG_WARN_UNGUARDED_AVAILABILITY = YES_AGGRESSIVE;
				CLANG_WARN_UNREACHABLE_CODE = YES;
				CLANG_WARN__DUPLICATE_METHOD_MATCH = YES;
				COPY_PHASE_STRIP = NO;
				DEBUG_INFORMATION_FORMAT = dwarf;
				ENABLE_STRICT_OBJC_MSGSEND = YES;
				ENABLE_TESTABILITY = YES;
				GCC_C_LANGUAGE_STANDARD = gnu11;
				GCC_DYNAMIC_NO_PIC = NO;
				GCC_NO_COMMON_BLOCKS = YES;
				GCC_OPTIMIZATION_LEVEL = 0;
				GCC_PREPROCESSOR_DEFINITIONS = (
					"DEBUG=1",
					"$(inherited)",
				);
				GCC_WARN_64_TO_32_BIT_CONVERSION = YES;
				GCC_WARN_ABOUT_RETURN_TYPE = YES_ERROR;
				GCC_WARN_UNDECLARED_SELECTOR = YES;
				GCC_WARN_UNINITIALIZED_AUTOS = YES_AGGRESSIVE;
				GCC_WARN_UNUSED_FUNCTION = YES;
				GCC_WARN_UNUSED_VARIABLE = YES;
				MTL_ENABLE_DEBUG_INFO = INCLUDE_SOURCE;
				MTL_FAST_MATH = YES;
				ONLY_ACTIVE_ARCH = YES;
				SWIFT_ACTIVE_COMPILATION_CONDITIONS = DEBUG;
				SWIFT_OPTIMIZATION_LEVEL = "-Onone";
			};
			name = Debug;
		};
		836E6F7A2940976400893DC4 /* Release */ = {
			isa = XCBuildConfiguration;
			buildSettings = {
				ALWAYS_SEARCH_USER_PATHS = NO;
				CLANG_ANALYZER_NONNULL = YES;
				CLANG_ANALYZER_NUMBER_OBJECT_CONVERSION = YES_AGGRESSIVE;
				CLANG_CXX_LANGUAGE_STANDARD = "gnu++20";
				CLANG_ENABLE_MODULES = YES;
				CLANG_ENABLE_OBJC_ARC = YES;
				CLANG_ENABLE_OBJC_WEAK = YES;
				CLANG_WARN_BLOCK_CAPTURE_AUTORELEASING = YES;
				CLANG_WARN_BOOL_CONVERSION = YES;
				CLANG_WARN_COMMA = YES;
				CLANG_WARN_CONSTANT_CONVERSION = YES;
				CLANG_WARN_DEPRECATED_OBJC_IMPLEMENTATIONS = YES;
				CLANG_WARN_DIRECT_OBJC_ISA_USAGE = YES_ERROR;
				CLANG_WARN_DOCUMENTATION_COMMENTS = YES;
				CLANG_WARN_EMPTY_BODY = YES;
				CLANG_WARN_ENUM_CONVERSION = YES;
				CLANG_WARN_INFINITE_RECURSION = YES;
				CLANG_WARN_INT_CONVERSION = YES;
				CLANG_WARN_NON_LITERAL_NULL_CONVERSION = YES;
				CLANG_WARN_OBJC_IMPLICIT_RETAIN_SELF = YES;
				CLANG_WARN_OBJC_LITERAL_CONVERSION = YES;
				CLANG_WARN_OBJC_ROOT_CLASS = YES_ERROR;
				CLANG_WARN_QUOTED_INCLUDE_IN_FRAMEWORK_HEADER = YES;
				CLANG_WARN_RANGE_LOOP_ANALYSIS = YES;
				CLANG_WARN_STRICT_PROTOTYPES = YES;
				CLANG_WARN_SUSPICIOUS_MOVE = YES;
				CLANG_WARN_UNGUARDED_AVAILABILITY = YES_AGGRESSIVE;
				CLANG_WARN_UNREACHABLE_CODE = YES;
				CLANG_WARN__DUPLICATE_METHOD_MATCH = YES;
				COPY_PHASE_STRIP = NO;
				DEBUG_INFORMATION_FORMAT = "dwarf-with-dsym";
				ENABLE_NS_ASSERTIONS = NO;
				ENABLE_STRICT_OBJC_MSGSEND = YES;
				GCC_C_LANGUAGE_STANDARD = gnu11;
				GCC_NO_COMMON_BLOCKS = YES;
				GCC_WARN_64_TO_32_BIT_CONVERSION = YES;
				GCC_WARN_ABOUT_RETURN_TYPE = YES_ERROR;
				GCC_WARN_UNDECLARED_SELECTOR = YES;
				GCC_WARN_UNINITIALIZED_AUTOS = YES_AGGRESSIVE;
				GCC_WARN_UNUSED_FUNCTION = YES;
				GCC_WARN_UNUSED_VARIABLE = YES;
				MTL_ENABLE_DEBUG_INFO = NO;
				MTL_FAST_MATH = YES;
				SWIFT_COMPILATION_MODE = wholemodule;
				SWIFT_OPTIMIZATION_LEVEL = "-O";
			};
			name = Release;
		};
		836E6F7C2940976400893DC4 /* Debug */ = {
			isa = XCBuildConfiguration;
			buildSettings = {
				ASSETCATALOG_COMPILER_APPICON_NAME = AppIcon;
				ASSETCATALOG_COMPILER_GLOBAL_ACCENT_COLOR_NAME = AccentColor;
				CODE_SIGN_ENTITLEMENTS = iP/iP.entitlements;
				CODE_SIGN_STYLE = Automatic;
				CURRENT_PROJECT_VERSION = 1;
				DEVELOPMENT_ASSET_PATHS = "\"iP/Preview Content\"";
				DEVELOPMENT_TEAM = 66P2LGN4XU;
				ENABLE_HARDENED_RUNTIME = YES;
				ENABLE_PREVIEWS = YES;
				GENERATE_INFOPLIST_FILE = YES;
				"INFOPLIST_KEY_UIApplicationSceneManifest_Generation[sdk=iphoneos*]" = YES;
				"INFOPLIST_KEY_UIApplicationSceneManifest_Generation[sdk=iphonesimulator*]" = YES;
				"INFOPLIST_KEY_UIApplicationSupportsIndirectInputEvents[sdk=iphoneos*]" = YES;
				"INFOPLIST_KEY_UIApplicationSupportsIndirectInputEvents[sdk=iphonesimulator*]" = YES;
				"INFOPLIST_KEY_UILaunchScreen_Generation[sdk=iphoneos*]" = YES;
				"INFOPLIST_KEY_UILaunchScreen_Generation[sdk=iphonesimulator*]" = YES;
				"INFOPLIST_KEY_UIStatusBarStyle[sdk=iphoneos*]" = UIStatusBarStyleDefault;
				"INFOPLIST_KEY_UIStatusBarStyle[sdk=iphonesimulator*]" = UIStatusBarStyleDefault;
				INFOPLIST_KEY_UISupportedInterfaceOrientations_iPad = "UIInterfaceOrientationPortrait UIInterfaceOrientationPortraitUpsideDown UIInterfaceOrientationLandscapeLeft UIInterfaceOrientationLandscapeRight";
				INFOPLIST_KEY_UISupportedInterfaceOrientations_iPhone = "UIInterfaceOrientationPortrait UIInterfaceOrientationLandscapeLeft UIInterfaceOrientationLandscapeRight";
				IPHONEOS_DEPLOYMENT_TARGET = 15.6;
				LD_RUNPATH_SEARCH_PATHS = "@executable_path/Frameworks";
				"LD_RUNPATH_SEARCH_PATHS[sdk=macosx*]" = "@executable_path/../Frameworks";
				MACOSX_DEPLOYMENT_TARGET = 12.6;
				MARKETING_VERSION = 1.0;
				PRODUCT_BUNDLE_IDENTIFIER = com.hooa.iP;
				PRODUCT_NAME = "$(TARGET_NAME)";
				SDKROOT = auto;
				SUPPORTED_PLATFORMS = "iphoneos iphonesimulator macosx";
				SWIFT_EMIT_LOC_STRINGS = YES;
				SWIFT_VERSION = 5.0;
				TARGETED_DEVICE_FAMILY = "1,2";
			};
			name = Debug;
		};
		836E6F7D2940976400893DC4 /* Release */ = {
			isa = XCBuildConfiguration;
			buildSettings = {
				ASSETCATALOG_COMPILER_APPICON_NAME = AppIcon;
				ASSETCATALOG_COMPILER_GLOBAL_ACCENT_COLOR_NAME = AccentColor;
				CODE_SIGN_ENTITLEMENTS = iP/iP.entitlements;
				CODE_SIGN_STYLE = Automatic;
				CURRENT_PROJECT_VERSION = 1;
				DEVELOPMENT_ASSET_PATHS = "\"iP/Preview Content\"";
				DEVELOPMENT_TEAM = 66P2LGN4XU;
				ENABLE_HARDENED_RUNTIME = YES;
				ENABLE_PREVIEWS = YES;
				GENERATE_INFOPLIST_FILE = YES;
				"INFOPLIST_KEY_UIApplicationSceneManifest_Generation[sdk=iphoneos*]" = YES;
				"INFOPLIST_KEY_UIApplicationSceneManifest_Generation[sdk=iphonesimulator*]" = YES;
				"INFOPLIST_KEY_UIApplicationSupportsIndirectInputEvents[sdk=iphoneos*]" = YES;
				"INFOPLIST_KEY_UIApplicationSupportsIndirectInputEvents[sdk=iphonesimulator*]" = YES;
				"INFOPLIST_KEY_UILaunchScreen_Generation[sdk=iphoneos*]" = YES;
				"INFOPLIST_KEY_UILaunchScreen_Generation[sdk=iphonesimulator*]" = YES;
				"INFOPLIST_KEY_UIStatusBarStyle[sdk=iphoneos*]" = UIStatusBarStyleDefault;
				"INFOPLIST_KEY_UIStatusBarStyle[sdk=iphonesimulator*]" = UIStatusBarStyleDefault;
				INFOPLIST_KEY_UISupportedInterfaceOrientations_iPad = "UIInterfaceOrientationPortrait UIInterfaceOrientationPortraitUpsideDown UIInterfaceOrientationLandscapeLeft UIInterfaceOrientationLandscapeRight";
				INFOPLIST_KEY_UISupportedInterfaceOrientations_iPhone = "UIInterfaceOrientationPortrait UIInterfaceOrientationLandscapeLeft UIInterfaceOrientationLandscapeRight";
				IPHONEOS_DEPLOYMENT_TARGET = 15.6;
				LD_RUNPATH_SEARCH_PATHS = "@executable_path/Frameworks";
				"LD_RUNPATH_SEARCH_PATHS[sdk=macosx*]" = "@executable_path/../Frameworks";
				MACOSX_DEPLOYMENT_TARGET = 12.6;
				MARKETING_VERSION = 1.0;
				PRODUCT_BUNDLE_IDENTIFIER = com.hooa.iP;
				PRODUCT_NAME = "$(TARGET_NAME)";
				SDKROOT = auto;
				SUPPORTED_PLATFORMS = "iphoneos iphonesimulator macosx";
				SWIFT_EMIT_LOC_STRINGS = YES;
				SWIFT_VERSION = 5.0;
				TARGETED_DEVICE_FAMILY = "1,2";
			};
			name = Release;
		};
/* End XCBuildConfiguration section */

/* Begin XCConfigurationList section */
		836E6F672940976200893DC4 /* Build configuration list for PBXProject "iP" */ = {
			isa = XCConfigurationList;
			buildConfigurations = (
				836E6F792940976400893DC4 /* Debug */,
				836E6F7A2940976400893DC4 /* Release */,
			);
			defaultConfigurationIsVisible = 0;
			defaultConfigurationName = Release;
		};
		836E6F7B2940976400893DC4 /* Build configuration list for PBXNativeTarget "iP" */ = {
			isa = XCConfigurationList;
			buildConfigurations = (
				836E6F7C2940976400893DC4 /* Debug */,
				836E6F7D2940976400893DC4 /* Release */,
			);
			defaultConfigurationIsVisible = 0;
			defaultConfigurationName = Release;
		};
/* End XCConfigurationList section */
	};
	rootObject = 836E6F642940976200893DC4 /* Project object */;
}
